
Microsoft Visual Studio Solution File, Format Version 12.00
# Visual Studio Version 16
VisualStudioVersion = 16.0.30320.27
MinimumVisualStudioVersion = 10.0.40219.1
Project("{FAE04EC0-301F-11D3-BF4B-00C04F79EFBC}") = "OdeToFood.Web", "OdeToFood.Web\OdeToFood.Web.csproj", "{3316EEFF-27C3-4E0A-9F15-C36A7F08A663}"
EndProject
Project("{FAE04EC0-301F-11D3-BF4B-00C04F79EFBC}") = "OdeToFood.Data", "OdeToFood.Data\OdeToFood.Data.csproj", "{74ED400A-E9BB-4959-8F3F-C47CBDE9474B}"
EndProject
Global
	GlobalSection(SolutionConfigurationPlatforms) = preSolution
		Debug|Any CPU = Debug|Any CPU
		Release|Any CPU = Release|Any CPU
	EndGlobalSection
	GlobalSection(ProjectConfigurationPlatforms) = postSolution
		{3316EEFF-27C3-4E0A-9F15-C36A7F08A663}.Debug|Any CPU.ActiveCfg = Debug|Any CPU
		{3316EEFF-27C3-4E0A-9F15-C36A7F08A663}.Debug|Any CPU.Build.0 = Debug|Any CPU
		{3316EEFF-27C3-4E0A-9F15-C36A7F08A663}.Release|Any CPU.ActiveCfg = Release|Any CPU
		{3316EEFF-27C3-4E0A-9F15-C36A7F08A663}.Release|Any CPU.Build.0 = Release|Any CPU
		{74ED400A-E9BB-4959-8F3F-C47CBDE9474B}.Debug|Any CPU.ActiveCfg = Debug|Any CPU
		{74ED400A-E9BB-4959-8F3F-C47CBDE9474B}.Debug|Any CPU.Build.0 = Debug|Any CPU
		{74ED400A-E9BB-4959-8F3F-C47CBDE9474B}.Release|Any CPU.ActiveCfg = Release|Any CPU
		{74ED400A-E9BB-4959-8F3F-C47CBDE9474B}.Release|Any CPU.Build.0 = Release|Any CPU
	EndGlobalSection
	GlobalSection(SolutionProperties) = preSolution
		HideSolutionNode = FALSE
	EndGlobalSection
	GlobalSection(ExtensibilityGlobals) = postSolution
		SolutionGuid = {DC38BB89-9F80-4287-8F2E-2FC9E85D0C6A}
	EndGlobalSection
EndGlobal
