
Microsoft Visual Studio Solution File, Format Version 12.00
# Visual Studio Version 16
VisualStudioVersion = 16.0.30225.117
MinimumVisualStudioVersion = 10.0.40219.1
Project("{FAE04EC0-301F-11D3-BF4B-00C04F79EFBC}") = "MVCDemo", "MVCDemo\MVCDemo.csproj", "{F53C3B45-668C-4FB1-A137-EFF38404B51F}"
EndProject
Global
	GlobalSection(SolutionConfigurationPlatforms) = preSolution
		Debug|Any CPU = Debug|Any CPU
		Release|Any CPU = Release|Any CPU
	EndGlobalSection
	GlobalSection(ProjectConfigurationPlatforms) = postSolution
		{F53C3B45-668C-4FB1-A137-EFF38404B51F}.Debug|Any CPU.ActiveCfg = Debug|Any CPU
		{F53C3B45-668C-4FB1-A137-EFF38404B51F}.Debug|Any CPU.Build.0 = Debug|Any CPU
		{F53C3B45-668C-4FB1-A137-EFF38404B51F}.Release|Any CPU.ActiveCfg = Release|Any CPU
		{F53C3B45-668C-4FB1-A137-EFF38404B51F}.Release|Any CPU.Build.0 = Release|Any CPU
	EndGlobalSection
	GlobalSection(SolutionProperties) = preSolution
		HideSolutionNode = FALSE
	EndGlobalSection
	GlobalSection(ExtensibilityGlobals) = postSolution
		SolutionGuid = {BDF63805-5A6B-4712-8D4F-91BC3251C5C1}
	EndGlobalSection
EndGlobal
